
Microsoft Visual Studio Solution File, Format Version 12.00
# Visual Studio Version 16
VisualStudioVersion = 16.0.31911.196
MinimumVisualStudioVersion = 10.0.40219.1
Project("{2150E333-8FDC-42A3-9474-1A3956D46DE8}") = "Solution Items", "Solution Items", "{1862C352-13B4-4966-81B2-E794479289BF}"
	ProjectSection(SolutionItems) = preProject
		.editorconfig = .editorconfig
		README.md = README.md
	EndProjectSection
EndProject
Project("{9A19103F-16F7-4668-BE54-9A1E7A4F7556}") = "LinqLike_Test", "LinqLike_Test\LinqLike_Test.csproj", "{A17D1AC0-2CF8-4D66-A5CA-D70F2712C010}"
EndProject
Project("{FAE04EC0-301F-11D3-BF4B-00C04F79EFBC}") = "LinqLike", "LinqLike\LinqLike.csproj", "{DC1F2B15-80A0-4833-BB8D-23455EFC9C9E}"
EndProject
Global
	GlobalSection(SolutionConfigurationPlatforms) = preSolution
		Debug|Any CPU = Debug|Any CPU
		Release|Any CPU = Release|Any CPU
	EndGlobalSection
	GlobalSection(ProjectConfigurationPlatforms) = postSolution
		{A17D1AC0-2CF8-4D66-A5CA-D70F2712C010}.Debug|Any CPU.ActiveCfg = Debug|Any CPU
		{A17D1AC0-2CF8-4D66-A5CA-D70F2712C010}.Debug|Any CPU.Build.0 = Debug|Any CPU
		{A17D1AC0-2CF8-4D66-A5CA-D70F2712C010}.Release|Any CPU.ActiveCfg = Release|Any CPU
		{A17D1AC0-2CF8-4D66-A5CA-D70F2712C010}.Release|Any CPU.Build.0 = Release|Any CPU
		{DC1F2B15-80A0-4833-BB8D-23455EFC9C9E}.Debug|Any CPU.ActiveCfg = Debug|Any CPU
		{DC1F2B15-80A0-4833-BB8D-23455EFC9C9E}.Debug|Any CPU.Build.0 = Debug|Any CPU
		{DC1F2B15-80A0-4833-BB8D-23455EFC9C9E}.Release|Any CPU.ActiveCfg = Release|Any CPU
		{DC1F2B15-80A0-4833-BB8D-23455EFC9C9E}.Release|Any CPU.Build.0 = Release|Any CPU
	EndGlobalSection
	GlobalSection(SolutionProperties) = preSolution
		HideSolutionNode = FALSE
	EndGlobalSection
	GlobalSection(ExtensibilityGlobals) = postSolution
		SolutionGuid = {7E0E1F2C-7C8F-49B3-AC66-EDBF34C501E7}
	EndGlobalSection
EndGlobal
