
Microsoft Visual Studio Solution File, Format Version 12.00
# Visual Studio Version 16
VisualStudioVersion = 16.0.31911.196
MinimumVisualStudioVersion = 10.0.40219.1
Project("{2150E333-8FDC-42A3-9474-1A3956D46DE8}") = "Solution Items", "Solution Items", "{1862C352-13B4-4966-81B2-E794479289BF}"
	ProjectSection(SolutionItems) = preProject
		.editorconfig = .editorconfig
		README.md = README.md
	EndProjectSection
EndProject
Project("{FAE04EC0-301F-11D3-BF4B-00C04F79EFBC}") = "LinqLike", "LinqLike\LinqLike.csproj", "{15A9F288-FBC4-4F3E-B4BC-7A2397BD1ADF}"
EndProject
Project("{FAE04EC0-301F-11D3-BF4B-00C04F79EFBC}") = "LinqLike_Test", "LinqLike_Test\LinqLike_Test.csproj", "{A17D1AC0-2CF8-4D66-A5CA-D70F2712C010}"
EndProject
Global
	GlobalSection(SolutionConfigurationPlatforms) = preSolution
		Debug|Any CPU = Debug|Any CPU
		Release|Any CPU = Release|Any CPU
	EndGlobalSection
	GlobalSection(ProjectConfigurationPlatforms) = postSolution
		{15A9F288-FBC4-4F3E-B4BC-7A2397BD1ADF}.Debug|Any CPU.ActiveCfg = Debug|Any CPU
		{15A9F288-FBC4-4F3E-B4BC-7A2397BD1ADF}.Debug|Any CPU.Build.0 = Debug|Any CPU
		{15A9F288-FBC4-4F3E-B4BC-7A2397BD1ADF}.Release|Any CPU.ActiveCfg = Release|Any CPU
		{15A9F288-FBC4-4F3E-B4BC-7A2397BD1ADF}.Release|Any CPU.Build.0 = Release|Any CPU
		{A17D1AC0-2CF8-4D66-A5CA-D70F2712C010}.Debug|Any CPU.ActiveCfg = Debug|Any CPU
		{A17D1AC0-2CF8-4D66-A5CA-D70F2712C010}.Debug|Any CPU.Build.0 = Debug|Any CPU
		{A17D1AC0-2CF8-4D66-A5CA-D70F2712C010}.Release|Any CPU.ActiveCfg = Release|Any CPU
		{A17D1AC0-2CF8-4D66-A5CA-D70F2712C010}.Release|Any CPU.Build.0 = Release|Any CPU
	EndGlobalSection
	GlobalSection(SolutionProperties) = preSolution
		HideSolutionNode = FALSE
	EndGlobalSection
	GlobalSection(ExtensibilityGlobals) = postSolution
		SolutionGuid = {7E0E1F2C-7C8F-49B3-AC66-EDBF34C501E7}
	EndGlobalSection
EndGlobal
